// !$*UTF8*$!
{
	archiveVersion = 1;
	classes = {
	};
	objectVersion = 46;
	objects = {

/* Begin PBXBuildFile section */
		2772905719D05957006C5DE1 /* AppDelegate.swift in Sources */ = {isa = PBXBuildFile; fileRef = 2772905619D05957006C5DE1 /* AppDelegate.swift */; };
		2772905919D05957006C5DE1 /* ViewController.swift in Sources */ = {isa = PBXBuildFile; fileRef = 2772905819D05957006C5DE1 /* ViewController.swift */; };
		2772905C19D05957006C5DE1 /* Main.storyboard in Resources */ = {isa = PBXBuildFile; fileRef = 2772905A19D05957006C5DE1 /* Main.storyboard */; };
		2772905E19D05957006C5DE1 /* Images.xcassets in Resources */ = {isa = PBXBuildFile; fileRef = 2772905D19D05957006C5DE1 /* Images.xcassets */; };
		2772906119D05957006C5DE1 /* LaunchScreen.xib in Resources */ = {isa = PBXBuildFile; fileRef = 2772905F19D05957006C5DE1 /* LaunchScreen.xib */; };
		2772906D19D05957006C5DE1 /* FreeWithAdTests.swift in Sources */ = {isa = PBXBuildFile; fileRef = 2772906C19D05957006C5DE1 /* FreeWithAdTests.swift */; };
		2772907719D05BAA006C5DE1 /* iAd.framework in Frameworks */ = {isa = PBXBuildFile; fileRef = 2772907619D05BAA006C5DE1 /* iAd.framework */; };
/* End PBXBuildFile section */

/* Begin PBXContainerItemProxy section */
		2772906719D05957006C5DE1 /* PBXContainerItemProxy */ = {
			isa = PBXContainerItemProxy;
			containerPortal = 2772904919D05957006C5DE1 /* Project object */;
			proxyType = 1;
			remoteGlobalIDString = 2772905019D05957006C5DE1;
			remoteInfo = FreeWithAd;
		};
/* End PBXContainerItemProxy section */

/* Begin PBXFileReference section */
		2772905119D05957006C5DE1 /* FreeWithAd.app */ = {isa = PBXFileReference; explicitFileType = wrapper.application; includeInIndex = 0; path = FreeWithAd.app; sourceTree = BUILT_PRODUCTS_DIR; };
		2772905519D05957006C5DE1 /* Info.plist */ = {isa = PBXFileReference; lastKnownFileType = text.plist.xml; path = Info.plist; sourceTree = "<group>"; };
		2772905619D05957006C5DE1 /* AppDelegate.swift */ = {isa = PBXFileReference; lastKnownFileType = sourcecode.swift; path = AppDelegate.swift; sourceTree = "<group>"; };
		2772905819D05957006C5DE1 /* ViewController.swift */ = {isa = PBXFileReference; lastKnownFileType = sourcecode.swift; path = ViewController.swift; sourceTree = "<group>"; };
		2772905B19D05957006C5DE1 /* Base */ = {isa = PBXFileReference; lastKnownFileType = file.storyboard; name = Base; path = Base.lproj/Main.storyboard; sourceTree = "<group>"; };
		2772905D19D05957006C5DE1 /* Images.xcassets */ = {isa = PBXFileReference; lastKnownFileType = folder.assetcatalog; path = Images.xcassets; sourceTree = "<group>"; };
		2772906019D05957006C5DE1 /* Base */ = {isa = PBXFileReference; lastKnownFileType = file.xib; name = Base; path = Base.lproj/LaunchScreen.xib; sourceTree = "<group>"; };
		2772906619D05957006C5DE1 /* FreeWithAdTests.xctest */ = {isa = PBXFileReference; explicitFileType = wrapper.cfbundle; includeInIndex = 0; path = FreeWithAdTests.xctest; sourceTree = BUILT_PRODUCTS_DIR; };
		2772906B19D05957006C5DE1 /* Info.plist */ = {isa = PBXFileReference; lastKnownFileType = text.plist.xml; path = Info.plist; sourceTree = "<group>"; };
		2772906C19D05957006C5DE1 /* FreeWithAdTests.swift */ = {isa = PBXFileReference; lastKnownFileType = sourcecode.swift; path = FreeWithAdTests.swift; sourceTree = "<group>"; };
		2772907619D05BAA006C5DE1 /* iAd.framework */ = {isa = PBXFileReference; lastKnownFileType = wrapper.framework; name = iAd.framework; path = System/Library/Frameworks/iAd.framework; sourceTree = SDKROOT; };
/* End PBXFileReference section */

/* Begin PBXFrameworksBuildPhase section */
		2772904E19D05957006C5DE1 /* Frameworks */ = {
			isa = PBXFrameworksBuildPhase;
			buildActionMask = 2147483647;
			files = (
				2772907719D05BAA006C5DE1 /* iAd.framework in Frameworks */,
			);
			runOnlyForDeploymentPostprocessing = 0;
		};
		2772906319D05957006C5DE1 /* Frameworks */ = {
			isa = PBXFrameworksBuildPhase;
			buildActionMask = 2147483647;
			files = (
			);
			runOnlyForDeploymentPostprocessing = 0;
		};
/* End PBXFrameworksBuildPhase section */

/* Begin PBXGroup section */
		2772904819D05957006C5DE1 = {
			isa = PBXGroup;
			children = (
				2772907619D05BAA006C5DE1 /* iAd.framework */,
				2772905319D05957006C5DE1 /* FreeWithAd */,
				2772906919D05957006C5DE1 /* FreeWithAdTests */,
				2772905219D05957006C5DE1 /* Products */,
			);
			sourceTree = "<group>";
		};
		2772905219D05957006C5DE1 /* Products */ = {
			isa = PBXGroup;
			children = (
				2772905119D05957006C5DE1 /* FreeWithAd.app */,
				2772906619D05957006C5DE1 /* FreeWithAdTests.xctest */,
			);
			name = Products;
			sourceTree = "<group>";
		};
		2772905319D05957006C5DE1 /* FreeWithAd */ = {
			isa = PBXGroup;
			children = (
				2772905619D05957006C5DE1 /* AppDelegate.swift */,
				2772905819D05957006C5DE1 /* ViewController.swift */,
				2772905A19D05957006C5DE1 /* Main.storyboard */,
				2772905D19D05957006C5DE1 /* Images.xcassets */,
				2772905F19D05957006C5DE1 /* LaunchScreen.xib */,
				2772905419D05957006C5DE1 /* Supporting Files */,
			);
			path = FreeWithAd;
			sourceTree = "<group>";
		};
		2772905419D05957006C5DE1 /* Supporting Files */ = {
			isa = PBXGroup;
			children = (
				2772905519D05957006C5DE1 /* Info.plist */,
			);
			name = "Supporting Files";
			sourceTree = "<group>";
		};
		2772906919D05957006C5DE1 /* FreeWithAdTests */ = {
			isa = PBXGroup;
			children = (
				2772906C19D05957006C5DE1 /* FreeWithAdTests.swift */,
				2772906A19D05957006C5DE1 /* Supporting Files */,
			);
			path = FreeWithAdTests;
			sourceTree = "<group>";
		};
		2772906A19D05957006C5DE1 /* Supporting Files */ = {
			isa = PBXGroup;
			children = (
				2772906B19D05957006C5DE1 /* Info.plist */,
			);
			name = "Supporting Files";
			sourceTree = "<group>";
		};
/* End PBXGroup section */

/* Begin PBXNativeTarget section */
		2772905019D05957006C5DE1 /* FreeWithAd */ = {
			isa = PBXNativeTarget;
			buildConfigurationList = 2772907019D05957006C5DE1 /* Build configuration list for PBXNativeTarget "FreeWithAd" */;
			buildPhases = (
				2772904D19D05957006C5DE1 /* Sources */,
				2772904E19D05957006C5DE1 /* Frameworks */,
				2772904F19D05957006C5DE1 /* Resources */,
			);
			buildRules = (
			);
			dependencies = (
			);
			name = FreeWithAd;
			productName = FreeWithAd;
			productReference = 2772905119D05957006C5DE1 /* FreeWithAd.app */;
			productType = "com.apple.product-type.application";
		};
		2772906519D05957006C5DE1 /* FreeWithAdTests */ = {
			isa = PBXNativeTarget;
			buildConfigurationList = 2772907319D05957006C5DE1 /* Build configuration list for PBXNativeTarget "FreeWithAdTests" */;
			buildPhases = (
				2772906219D05957006C5DE1 /* Sources */,
				2772906319D05957006C5DE1 /* Frameworks */,
				2772906419D05957006C5DE1 /* Resources */,
			);
			buildRules = (
			);
			dependencies = (
				2772906819D05957006C5DE1 /* PBXTargetDependency */,
			);
			name = FreeWithAdTests;
			productName = FreeWithAdTests;
			productReference = 2772906619D05957006C5DE1 /* FreeWithAdTests.xctest */;
			productType = "com.apple.product-type.bundle.unit-test";
		};
/* End PBXNativeTarget section */

/* Begin PBXProject section */
		2772904919D05957006C5DE1 /* Project object */ = {
			isa = PBXProject;
			attributes = {
				LastUpgradeCheck = 0600;
				ORGANIZATIONNAME = "Katlyn Schwaebe";
				TargetAttributes = {
					2772905019D05957006C5DE1 = {
						CreatedOnToolsVersion = 6.0;
						DevelopmentTeam = WW3AF2LH6C;
					};
					2772906519D05957006C5DE1 = {
						CreatedOnToolsVersion = 6.0;
						TestTargetID = 2772905019D05957006C5DE1;
					};
				};
			};
			buildConfigurationList = 2772904C19D05957006C5DE1 /* Build configuration list for PBXProject "FreeWithAd" */;
			compatibilityVersion = "Xcode 3.2";
			developmentRegion = English;
			hasScannedForEncodings = 0;
			knownRegions = (
				en,
				Base,
			);
			mainGroup = 2772904819D05957006C5DE1;
			productRefGroup = 2772905219D05957006C5DE1 /* Products */;
			projectDirPath = "";
			projectRoot = "";
			targets = (
				2772905019D05957006C5DE1 /* FreeWithAd */,
				2772906519D05957006C5DE1 /* FreeWithAdTests */,
			);
		};
/* End PBXProject section */

/* Begin PBXResourcesBuildPhase section */
		2772904F19D05957006C5DE1 /* Resources */ = {
			isa = PBXResourcesBuildPhase;
			buildActionMask = 2147483647;
			files = (
				2772905C19D05957006C5DE1 /* Main.storyboard in Resources */,
				2772906119D05957006C5DE1 /* LaunchScreen.xib in Resources */,
				2772905E19D05957006C5DE1 /* Images.xcassets in Resources */,
			);
			runOnlyForDeploymentPostprocessing = 0;
		};
		2772906419D05957006C5DE1 /* Resources */ = {
			isa = PBXResourcesBuildPhase;
			buildActionMask = 2147483647;
			files = (
			);
			runOnlyForDeploymentPostprocessing = 0;
		};
/* End PBXResourcesBuildPhase section */

/* Begin PBXSourcesBuildPhase section */
		2772904D19D05957006C5DE1 /* Sources */ = {
			isa = PBXSourcesBuildPhase;
			buildActionMask = 2147483647;
			files = (
				2772905919D05957006C5DE1 /* ViewController.swift in Sources */,
				2772905719D05957006C5DE1 /* AppDelegate.swift in Sources */,
			);
			runOnlyForDeploymentPostprocessing = 0;
		};
		2772906219D05957006C5DE1 /* Sources */ = {
			isa = PBXSourcesBuildPhase;
			buildActionMask = 2147483647;
			files = (
				2772906D19D05957006C5DE1 /* FreeWithAdTests.swift in Sources */,
			);
			runOnlyForDeploymentPostprocessing = 0;
		};
/* End PBXSourcesBuildPhase section */

/* Begin PBXTargetDependency section */
		2772906819D05957006C5DE1 /* PBXTargetDependency */ = {
			isa = PBXTargetDependency;
			target = 2772905019D05957006C5DE1 /* FreeWithAd */;
			targetProxy = 2772906719D05957006C5DE1 /* PBXContainerItemProxy */;
		};
/* End PBXTargetDependency section */

/* Begin PBXVariantGroup section */
		2772905A19D05957006C5DE1 /* Main.storyboard */ = {
			isa = PBXVariantGroup;
			children = (
				2772905B19D05957006C5DE1 /* Base */,
			);
			name = Main.storyboard;
			sourceTree = "<group>";
		};
		2772905F19D05957006C5DE1 /* LaunchScreen.xib */ = {
			isa = PBXVariantGroup;
			children = (
				2772906019D05957006C5DE1 /* Base */,
			);
			name = LaunchScreen.xib;
			sourceTree = "<group>";
		};
/* End PBXVariantGroup section */

/* Begin XCBuildConfiguration section */
		2772906E19D05957006C5DE1 /* Debug */ = {
			isa = XCBuildConfiguration;
			buildSettings = {
				ALWAYS_SEARCH_USER_PATHS = NO;
				CLANG_CXX_LANGUAGE_STANDARD = "gnu++0x";
				CLANG_CXX_LIBRARY = "libc++";
				CLANG_ENABLE_MODULES = YES;
				CLANG_ENABLE_OBJC_ARC = YES;
				CLANG_WARN_BOOL_CONVERSION = YES;
				CLANG_WARN_CONSTANT_CONVERSION = YES;
				CLANG_WARN_DIRECT_OBJC_ISA_USAGE = YES_ERROR;
				CLANG_WARN_EMPTY_BODY = YES;
				CLANG_WARN_ENUM_CONVERSION = YES;
				CLANG_WARN_INT_CONVERSION = YES;
				CLANG_WARN_OBJC_ROOT_CLASS = YES_ERROR;
				CLANG_WARN_UNREACHABLE_CODE = YES;
				CLANG_WARN__DUPLICATE_METHOD_MATCH = YES;
				"CODE_SIGN_IDENTITY[sdk=iphoneos*]" = "iPhone Developer";
				COPY_PHASE_STRIP = NO;
				ENABLE_STRICT_OBJC_MSGSEND = YES;
				GCC_C_LANGUAGE_STANDARD = gnu99;
				GCC_DYNAMIC_NO_PIC = NO;
				GCC_OPTIMIZATION_LEVEL = 0;
				GCC_PREPROCESSOR_DEFINITIONS = (
					"DEBUG=1",
					"$(inherited)",
				);
				GCC_SYMBOLS_PRIVATE_EXTERN = NO;
				GCC_WARN_64_TO_32_BIT_CONVERSION = YES;
				GCC_WARN_ABOUT_RETURN_TYPE = YES_ERROR;
				GCC_WARN_UNDECLARED_SELECTOR = YES;
				GCC_WARN_UNINITIALIZED_AUTOS = YES_AGGRESSIVE;
				GCC_WARN_UNUSED_FUNCTION = YES;
				GCC_WARN_UNUSED_VARIABLE = YES;
				IPHONEOS_DEPLOYMENT_TARGET = 8.0;
				MTL_ENABLE_DEBUG_INFO = YES;
				ONLY_ACTIVE_ARCH = YES;
				SDKROOT = iphoneos;
				SWIFT_OPTIMIZATION_LEVEL = "-Onone";
			};
			name = Debug;
		};
		2772906F19D05957006C5DE1 /* Release */ = {
			isa = XCBuildConfiguration;
			buildSettings = {
				ALWAYS_SEARCH_USER_PATHS = NO;
				CLANG_CXX_LANGUAGE_STANDARD = "gnu++0x";
				CLANG_CXX_LIBRARY = "libc++";
				CLANG_ENABLE_MODULES = YES;
				CLANG_ENABLE_OBJC_ARC = YES;
				CLANG_WARN_BOOL_CONVERSION = YES;
				CLANG_WARN_CONSTANT_CONVERSION = YES;
				CLANG_WARN_DIRECT_OBJC_ISA_USAGE = YES_ERROR;
				CLANG_WARN_EMPTY_BODY = YES;
				CLANG_WARN_ENUM_CONVERSION = YES;
				CLANG_WARN_INT_CONVERSION = YES;
				CLANG_WARN_OBJC_ROOT_CLASS = YES_ERROR;
				CLANG_WARN_UNREACHABLE_CODE = YES;
				CLANG_WARN__DUPLICATE_METHOD_MATCH = YES;
				"CODE_SIGN_IDENTITY[sdk=iphoneos*]" = "iPhone Developer";
				COPY_PHASE_STRIP = YES;
				ENABLE_NS_ASSERTIONS = NO;
				ENABLE_STRICT_OBJC_MSGSEND = YES;
				GCC_C_LANGUAGE_STANDARD = gnu99;
				GCC_WARN_64_TO_32_BIT_CONVERSION = YES;
				GCC_WARN_ABOUT_RETURN_TYPE = YES_ERROR;
				GCC_WARN_UNDECLARED_SELECTOR = YES;
				GCC_WARN_UNINITIALIZED_AUTOS = YES_AGGRESSIVE;
				GCC_WARN_UNUSED_FUNCTION = YES;
				GCC_WARN_UNUSED_VARIABLE = YES;
				IPHONEOS_DEPLOYMENT_TARGET = 8.0;
				MTL_ENABLE_DEBUG_INFO = NO;
				SDKROOT = iphoneos;
				VALIDATE_PRODUCT = YES;
			};
			name = Release;
		};
		2772907119D05957006C5DE1 /* Debug */ = {
			isa = XCBuildConfiguration;
			buildSettings = {
				ASSETCATALOG_COMPILER_APPICON_NAME = AppIcon;
				CODE_SIGN_IDENTITY = "iPhone Developer";
				"CODE_SIGN_IDENTITY[sdk=iphoneos*]" = "iPhone Developer";
				INFOPLIST_FILE = FreeWithAd/Info.plist;
				LD_RUNPATH_SEARCH_PATHS = "$(inherited) @executable_path/Frameworks";
				PRODUCT_NAME = "$(TARGET_NAME)";
				PROVISIONING_PROFILE = "";
			};
			name = Debug;
		};
		2772907219D05957006C5DE1 /* Release */ = {
			isa = XCBuildConfiguration;
			buildSettings = {
				ASSETCATALOG_COMPILER_APPICON_NAME = AppIcon;
				CODE_SIGN_IDENTITY = "iPhone Developer";
				"CODE_SIGN_IDENTITY[sdk=iphoneos*]" = "iPhone Developer";
				INFOPLIST_FILE = FreeWithAd/Info.plist;
				LD_RUNPATH_SEARCH_PATHS = "$(inherited) @executable_path/Frameworks";
				PRODUCT_NAME = "$(TARGET_NAME)";
				PROVISIONING_PROFILE = "";
			};
			name = Release;
		};
		2772907419D05957006C5DE1 /* Debug */ = {
			isa = XCBuildConfiguration;
			buildSettings = {
				BUNDLE_LOADER = "$(TEST_HOST)";
				FRAMEWORK_SEARCH_PATHS = (
					"$(SDKROOT)/Developer/Library/Frameworks",
					"$(inherited)",
				);
				GCC_PREPROCESSOR_DEFINITIONS = (
					"DEBUG=1",
					"$(inherited)",
				);
				INFOPLIST_FILE = FreeWithAdTests/Info.plist;
				LD_RUNPATH_SEARCH_PATHS = "$(inherited) @executable_path/Frameworks @loader_path/Frameworks";
				PRODUCT_NAME = "$(TARGET_NAME)";
				TEST_HOST = "$(BUILT_PRODUCTS_DIR)/FreeWithAd.app/FreeWithAd";
			};
			name = Debug;
		};
		2772907519D05957006C5DE1 /* Release */ = {
			isa = XCBuildConfiguration;
			buildSettings = {
				BUNDLE_LOADER = "$(TEST_HOST)";
				FRAMEWORK_SEARCH_PATHS = (
					"$(SDKROOT)/Developer/Library/Frameworks",
					"$(inherited)",
				);
				INFOPLIST_FILE = FreeWithAdTests/Info.plist;
				LD_RUNPATH_SEARCH_PATHS = "$(inherited) @executable_path/Frameworks @loader_path/Frameworks";
				PRODUCT_NAME = "$(TARGET_NAME)";
				TEST_HOST = "$(BUILT_PRODUCTS_DIR)/FreeWithAd.app/FreeWithAd";
			};
			name = Release;
		};
/* End XCBuildConfiguration section */

/* Begin XCConfigurationList section */
		2772904C19D05957006C5DE1 /* Build configuration list for PBXProject "FreeWithAd" */ = {
			isa = XCConfigurationList;
			buildConfigurations = (
				2772906E19D05957006C5DE1 /* Debug */,
				2772906F19D05957006C5DE1 /* Release */,
			);
			defaultConfigurationIsVisible = 0;
			defaultConfigurationName = Release;
		};
		2772907019D05957006C5DE1 /* Build configuration list for PBXNativeTarget "FreeWithAd" */ = {
			isa = XCConfigurationList;
			buildConfigurations = (
				2772907119D05957006C5DE1 /* Debug */,
				2772907219D05957006C5DE1 /* Release */,
			);
			defaultConfigurationIsVisible = 0;
		};
		2772907319D05957006C5DE1 /* Build configuration list for PBXNativeTarget "FreeWithAdTests" */ = {
			isa = XCConfigurationList;
			buildConfigurations = (
				2772907419D05957006C5DE1 /* Debug */,
				2772907519D05957006C5DE1 /* Release */,
			);
			defaultConfigurationIsVisible = 0;
		};
/* End XCConfigurationList section */
	};
	rootObject = 2772904919D05957006C5DE1 /* Project object */;
}
